{
  "pins" : [
    {
      "identity" : "map-ios-sdk",
      "kind" : "remoteSourceControl",
      "location" : "https://github.com/nhatpham0301/map-ios-sdk.git",
      "state" : {
        "revision" : "f805a50ae5a565db01156b8ab060f923c599e568",
        "version" : "1.0.3"
      }
    }
  ],
  "version" : 2
}
